// !$*UTF8*$!
{
	archiveVersion = 1;
	classes = {
	};
	objectVersion = 50;
	objects = {

/* Begin PBXBuildFile section */
		D194622024C5A29600EB6442 /* AppDelegate.swift in Sources */ = {isa = PBXBuildFile; fileRef = D194621F24C5A29600EB6442 /* AppDelegate.swift */; };
		D194622224C5A29600EB6442 /* SceneDelegate.swift in Sources */ = {isa = PBXBuildFile; fileRef = D194622124C5A29600EB6442 /* SceneDelegate.swift */; };
		D194622424C5A29600EB6442 /* ViewController.swift in Sources */ = {isa = PBXBuildFile; fileRef = D194622324C5A29600EB6442 /* ViewController.swift */; };
		D194622724C5A29600EB6442 /* Main.storyboard in Resources */ = {isa = PBXBuildFile; fileRef = D194622524C5A29600EB6442 /* Main.storyboard */; };
		D194622924C5A2AB00EB6442 /* Assets.xcassets in Resources */ = {isa = PBXBuildFile; fileRef = D194622824C5A2AB00EB6442 /* Assets.xcassets */; };
		D194622C24C5A2AB00EB6442 /* LaunchScreen.storyboard in Resources */ = {isa = PBXBuildFile; fileRef = D194622A24C5A2AB00EB6442 /* LaunchScreen.storyboard */; };
		D194623724C5A2AC00EB6442 /* DatabaseUshtrimeTests.swift in Sources */ = {isa = PBXBuildFile; fileRef = D194623624C5A2AC00EB6442 /* DatabaseUshtrimeTests.swift */; };
		D194624224C5A2AC00EB6442 /* DatabaseUshtrimeUITests.swift in Sources */ = {isa = PBXBuildFile; fileRef = D194624124C5A2AC00EB6442 /* DatabaseUshtrimeUITests.swift */; };
		D194625024C5A3A600EB6442 /* Meal.swift in Sources */ = {isa = PBXBuildFile; fileRef = D194624F24C5A3A600EB6442 /* Meal.swift */; };
/* End PBXBuildFile section */

/* Begin PBXContainerItemProxy section */
		D194623324C5A2AC00EB6442 /* PBXContainerItemProxy */ = {
			isa = PBXContainerItemProxy;
			containerPortal = D194621424C5A29600EB6442 /* Project object */;
			proxyType = 1;
			remoteGlobalIDString = D194621B24C5A29600EB6442;
			remoteInfo = DatabaseUshtrime;
		};
		D194623E24C5A2AC00EB6442 /* PBXContainerItemProxy */ = {
			isa = PBXContainerItemProxy;
			containerPortal = D194621424C5A29600EB6442 /* Project object */;
			proxyType = 1;
			remoteGlobalIDString = D194621B24C5A29600EB6442;
			remoteInfo = DatabaseUshtrime;
		};
/* End PBXContainerItemProxy section */

/* Begin PBXFileReference section */
		D194621C24C5A29600EB6442 /* DatabaseUshtrime.app */ = {isa = PBXFileReference; explicitFileType = wrapper.application; includeInIndex = 0; path = DatabaseUshtrime.app; sourceTree = BUILT_PRODUCTS_DIR; };
		D194621F24C5A29600EB6442 /* AppDelegate.swift */ = {isa = PBXFileReference; lastKnownFileType = sourcecode.swift; path = AppDelegate.swift; sourceTree = "<group>"; };
		D194622124C5A29600EB6442 /* SceneDelegate.swift */ = {isa = PBXFileReference; lastKnownFileType = sourcecode.swift; path = SceneDelegate.swift; sourceTree = "<group>"; };
		D194622324C5A29600EB6442 /* ViewController.swift */ = {isa = PBXFileReference; lastKnownFileType = sourcecode.swift; path = ViewController.swift; sourceTree = "<group>"; };
		D194622624C5A29600EB6442 /* Base */ = {isa = PBXFileReference; lastKnownFileType = file.storyboard; name = Base; path = Base.lproj/Main.storyboard; sourceTree = "<group>"; };
		D194622824C5A2AB00EB6442 /* Assets.xcassets */ = {isa = PBXFileReference; lastKnownFileType = folder.assetcatalog; path = Assets.xcassets; sourceTree = "<group>"; };
		D194622B24C5A2AB00EB6442 /* Base */ = {isa = PBXFileReference; lastKnownFileType = file.storyboard; name = Base; path = Base.lproj/LaunchScreen.storyboard; sourceTree = "<group>"; };
		D194622D24C5A2AB00EB6442 /* Info.plist */ = {isa = PBXFileReference; lastKnownFileType = text.plist.xml; path = Info.plist; sourceTree = "<group>"; };
		D194623224C5A2AC00EB6442 /* DatabaseUshtrimeTests.xctest */ = {isa = PBXFileReference; explicitFileType = wrapper.cfbundle; includeInIndex = 0; path = DatabaseUshtrimeTests.xctest; sourceTree = BUILT_PRODUCTS_DIR; };
		D194623624C5A2AC00EB6442 /* DatabaseUshtrimeTests.swift */ = {isa = PBXFileReference; lastKnownFileType = sourcecode.swift; path = DatabaseUshtrimeTests.swift; sourceTree = "<group>"; };
		D194623824C5A2AC00EB6442 /* Info.plist */ = {isa = PBXFileReference; lastKnownFileType = text.plist.xml; path = Info.plist; sourceTree = "<group>"; };
		D194623D24C5A2AC00EB6442 /* DatabaseUshtrimeUITests.xctest */ = {isa = PBXFileReference; explicitFileType = wrapper.cfbundle; includeInIndex = 0; path = DatabaseUshtrimeUITests.xctest; sourceTree = BUILT_PRODUCTS_DIR; };
		D194624124C5A2AC00EB6442 /* DatabaseUshtrimeUITests.swift */ = {isa = PBXFileReference; lastKnownFileType = sourcecode.swift; path = DatabaseUshtrimeUITests.swift; sourceTree = "<group>"; };
		D194624324C5A2AD00EB6442 /* Info.plist */ = {isa = PBXFileReference; lastKnownFileType = text.plist.xml; path = Info.plist; sourceTree = "<group>"; };
		D194624F24C5A3A600EB6442 /* Meal.swift */ = {isa = PBXFileReference; lastKnownFileType = sourcecode.swift; path = Meal.swift; sourceTree = "<group>"; };
/* End PBXFileReference section */

/* Begin PBXFrameworksBuildPhase section */
		D194621924C5A29600EB6442 /* Frameworks */ = {
			isa = PBXFrameworksBuildPhase;
			buildActionMask = 2147483647;
			files = (
			);
			runOnlyForDeploymentPostprocessing = 0;
		};
		D194622F24C5A2AC00EB6442 /* Frameworks */ = {
			isa = PBXFrameworksBuildPhase;
			buildActionMask = 2147483647;
			files = (
			);
			runOnlyForDeploymentPostprocessing = 0;
		};
		D194623A24C5A2AC00EB6442 /* Frameworks */ = {
			isa = PBXFrameworksBuildPhase;
			buildActionMask = 2147483647;
			files = (
			);
			runOnlyForDeploymentPostprocessing = 0;
		};
/* End PBXFrameworksBuildPhase section */

/* Begin PBXGroup section */
		D194621324C5A29600EB6442 = {
			isa = PBXGroup;
			children = (
				D194621E24C5A29600EB6442 /* DatabaseUshtrime */,
				D194623524C5A2AC00EB6442 /* DatabaseUshtrimeTests */,
				D194624024C5A2AC00EB6442 /* DatabaseUshtrimeUITests */,
				D194621D24C5A29600EB6442 /* Products */,
			);
			sourceTree = "<group>";
		};
		D194621D24C5A29600EB6442 /* Products */ = {
			isa = PBXGroup;
			children = (
				D194621C24C5A29600EB6442 /* DatabaseUshtrime.app */,
				D194623224C5A2AC00EB6442 /* DatabaseUshtrimeTests.xctest */,
				D194623D24C5A2AC00EB6442 /* DatabaseUshtrimeUITests.xctest */,
			);
			name = Products;
			sourceTree = "<group>";
		};
		D194621E24C5A29600EB6442 /* DatabaseUshtrime */ = {
			isa = PBXGroup;
			children = (
				D194621F24C5A29600EB6442 /* AppDelegate.swift */,
				D194622124C5A29600EB6442 /* SceneDelegate.swift */,
				D194622324C5A29600EB6442 /* ViewController.swift */,
				D194624F24C5A3A600EB6442 /* Meal.swift */,
				D194622524C5A29600EB6442 /* Main.storyboard */,
				D194622824C5A2AB00EB6442 /* Assets.xcassets */,
				D194622A24C5A2AB00EB6442 /* LaunchScreen.storyboard */,
				D194622D24C5A2AB00EB6442 /* Info.plist */,
			);
			path = DatabaseUshtrime;
			sourceTree = "<group>";
		};
		D194623524C5A2AC00EB6442 /* DatabaseUshtrimeTests */ = {
			isa = PBXGroup;
			children = (
				D194623624C5A2AC00EB6442 /* DatabaseUshtrimeTests.swift */,
				D194623824C5A2AC00EB6442 /* Info.plist */,
			);
			path = DatabaseUshtrimeTests;
			sourceTree = "<group>";
		};
		D194624024C5A2AC00EB6442 /* DatabaseUshtrimeUITests */ = {
			isa = PBXGroup;
			children = (
				D194624124C5A2AC00EB6442 /* DatabaseUshtrimeUITests.swift */,
				D194624324C5A2AD00EB6442 /* Info.plist */,
			);
			path = DatabaseUshtrimeUITests;
			sourceTree = "<group>";
		};
/* End PBXGroup section */

/* Begin PBXNativeTarget section */
		D194621B24C5A29600EB6442 /* DatabaseUshtrime */ = {
			isa = PBXNativeTarget;
			buildConfigurationList = D194624624C5A2AD00EB6442 /* Build configuration list for PBXNativeTarget "DatabaseUshtrime" */;
			buildPhases = (
				D194621824C5A29600EB6442 /* Sources */,
				D194621924C5A29600EB6442 /* Frameworks */,
				D194621A24C5A29600EB6442 /* Resources */,
			);
			buildRules = (
			);
			dependencies = (
			);
			name = DatabaseUshtrime;
			productName = DatabaseUshtrime;
			productReference = D194621C24C5A29600EB6442 /* DatabaseUshtrime.app */;
			productType = "com.apple.product-type.application";
		};
		D194623124C5A2AC00EB6442 /* DatabaseUshtrimeTests */ = {
			isa = PBXNativeTarget;
			buildConfigurationList = D194624924C5A2AD00EB6442 /* Build configuration list for PBXNativeTarget "DatabaseUshtrimeTests" */;
			buildPhases = (
				D194622E24C5A2AC00EB6442 /* Sources */,
				D194622F24C5A2AC00EB6442 /* Frameworks */,
				D194623024C5A2AC00EB6442 /* Resources */,
			);
			buildRules = (
			);
			dependencies = (
				D194623424C5A2AC00EB6442 /* PBXTargetDependency */,
			);
			name = DatabaseUshtrimeTests;
			productName = DatabaseUshtrimeTests;
			productReference = D194623224C5A2AC00EB6442 /* DatabaseUshtrimeTests.xctest */;
			productType = "com.apple.product-type.bundle.unit-test";
		};
		D194623C24C5A2AC00EB6442 /* DatabaseUshtrimeUITests */ = {
			isa = PBXNativeTarget;
			buildConfigurationList = D194624C24C5A2AD00EB6442 /* Build configuration list for PBXNativeTarget "DatabaseUshtrimeUITests" */;
			buildPhases = (
				D194623924C5A2AC00EB6442 /* Sources */,
				D194623A24C5A2AC00EB6442 /* Frameworks */,
				D194623B24C5A2AC00EB6442 /* Resources */,
			);
			buildRules = (
			);
			dependencies = (
				D194623F24C5A2AC00EB6442 /* PBXTargetDependency */,
			);
			name = DatabaseUshtrimeUITests;
			productName = DatabaseUshtrimeUITests;
			productReference = D194623D24C5A2AC00EB6442 /* DatabaseUshtrimeUITests.xctest */;
			productType = "com.apple.product-type.bundle.ui-testing";
		};
/* End PBXNativeTarget section */

/* Begin PBXProject section */
		D194621424C5A29600EB6442 /* Project object */ = {
			isa = PBXProject;
			attributes = {
				LastSwiftUpdateCheck = 1150;
				LastUpgradeCheck = 1150;
				ORGANIZATIONNAME = Kastriot;
				TargetAttributes = {
					D194621B24C5A29600EB6442 = {
						CreatedOnToolsVersion = 11.5;
					};
					D194623124C5A2AC00EB6442 = {
						CreatedOnToolsVersion = 11.5;
						TestTargetID = D194621B24C5A29600EB6442;
					};
					D194623C24C5A2AC00EB6442 = {
						CreatedOnToolsVersion = 11.5;
						TestTargetID = D194621B24C5A29600EB6442;
					};
				};
			};
			buildConfigurationList = D194621724C5A29600EB6442 /* Build configuration list for PBXProject "DatabaseUshtrime" */;
			compatibilityVersion = "Xcode 9.3";
			developmentRegion = en;
			hasScannedForEncodings = 0;
			knownRegions = (
				en,
				Base,
			);
			mainGroup = D194621324C5A29600EB6442;
			productRefGroup = D194621D24C5A29600EB6442 /* Products */;
			projectDirPath = "";
			projectRoot = "";
			targets = (
				D194621B24C5A29600EB6442 /* DatabaseUshtrime */,
				D194623124C5A2AC00EB6442 /* DatabaseUshtrimeTests */,
				D194623C24C5A2AC00EB6442 /* DatabaseUshtrimeUITests */,
			);
		};
/* End PBXProject section */

/* Begin PBXResourcesBuildPhase section */
		D194621A24C5A29600EB6442 /* Resources */ = {
			isa = PBXResourcesBuildPhase;
			buildActionMask = 2147483647;
			files = (
				D194622C24C5A2AB00EB6442 /* LaunchScreen.storyboard in Resources */,
				D194622924C5A2AB00EB6442 /* Assets.xcassets in Resources */,
				D194622724C5A29600EB6442 /* Main.storyboard in Resources */,
			);
			runOnlyForDeploymentPostprocessing = 0;
		};
		D194623024C5A2AC00EB6442 /* Resources */ = {
			isa = PBXResourcesBuildPhase;
			buildActionMask = 2147483647;
			files = (
			);
			runOnlyForDeploymentPostprocessing = 0;
		};
		D194623B24C5A2AC00EB6442 /* Resources */ = {
			isa = PBXResourcesBuildPhase;
			buildActionMask = 2147483647;
			files = (
			);
			runOnlyForDeploymentPostprocessing = 0;
		};
/* End PBXResourcesBuildPhase section */

/* Begin PBXSourcesBuildPhase section */
		D194621824C5A29600EB6442 /* Sources */ = {
			isa = PBXSourcesBuildPhase;
			buildActionMask = 2147483647;
			files = (
				D194625024C5A3A600EB6442 /* Meal.swift in Sources */,
				D194622424C5A29600EB6442 /* ViewController.swift in Sources */,
				D194622024C5A29600EB6442 /* AppDelegate.swift in Sources */,
				D194622224C5A29600EB6442 /* SceneDelegate.swift in Sources */,
			);
			runOnlyForDeploymentPostprocessing = 0;
		};
		D194622E24C5A2AC00EB6442 /* Sources */ = {
			isa = PBXSourcesBuildPhase;
			buildActionMask = 2147483647;
			files = (
				D194623724C5A2AC00EB6442 /* DatabaseUshtrimeTests.swift in Sources */,
			);
			runOnlyForDeploymentPostprocessing = 0;
		};
		D194623924C5A2AC00EB6442 /* Sources */ = {
			isa = PBXSourcesBuildPhase;
			buildActionMask = 2147483647;
			files = (
				D194624224C5A2AC00EB6442 /* DatabaseUshtrimeUITests.swift in Sources */,
			);
			runOnlyForDeploymentPostprocessing = 0;
		};
/* End PBXSourcesBuildPhase section */

/* Begin PBXTargetDependency section */
		D194623424C5A2AC00EB6442 /* PBXTargetDependency */ = {
			isa = PBXTargetDependency;
			target = D194621B24C5A29600EB6442 /* DatabaseUshtrime */;
			targetProxy = D194623324C5A2AC00EB6442 /* PBXContainerItemProxy */;
		};
		D194623F24C5A2AC00EB6442 /* PBXTargetDependency */ = {
			isa = PBXTargetDependency;
			target = D194621B24C5A29600EB6442 /* DatabaseUshtrime */;
			targetProxy = D194623E24C5A2AC00EB6442 /* PBXContainerItemProxy */;
		};
/* End PBXTargetDependency section */

/* Begin PBXVariantGroup section */
		D194622524C5A29600EB6442 /* Main.storyboard */ = {
			isa = PBXVariantGroup;
			children = (
				D194622624C5A29600EB6442 /* Base */,
			);
			name = Main.storyboard;
			sourceTree = "<group>";
		};
		D194622A24C5A2AB00EB6442 /* LaunchScreen.storyboard */ = {
			isa = PBXVariantGroup;
			children = (
				D194622B24C5A2AB00EB6442 /* Base */,
			);
			name = LaunchScreen.storyboard;
			sourceTree = "<group>";
		};
/* End PBXVariantGroup section */

/* Begin XCBuildConfiguration section */
		D194624424C5A2AD00EB6442 /* Debug */ = {
			isa = XCBuildConfiguration;
			buildSettings = {
				ALWAYS_SEARCH_USER_PATHS = NO;
				CLANG_ANALYZER_NONNULL = YES;
				CLANG_ANALYZER_NUMBER_OBJECT_CONVERSION = YES_AGGRESSIVE;
				CLANG_CXX_LANGUAGE_STANDARD = "gnu++14";
				CLANG_CXX_LIBRARY = "libc++";
				CLANG_ENABLE_MODULES = YES;
				CLANG_ENABLE_OBJC_ARC = YES;
				CLANG_ENABLE_OBJC_WEAK = YES;
				CLANG_WARN_BLOCK_CAPTURE_AUTORELEASING = YES;
				CLANG_WARN_BOOL_CONVERSION = YES;
				CLANG_WARN_COMMA = YES;
				CLANG_WARN_CONSTANT_CONVERSION = YES;
				CLANG_WARN_DEPRECATED_OBJC_IMPLEMENTATIONS = YES;
				CLANG_WARN_DIRECT_OBJC_ISA_USAGE = YES_ERROR;
				CLANG_WARN_DOCUMENTATION_COMMENTS = YES;
				CLANG_WARN_EMPTY_BODY = YES;
				CLANG_WARN_ENUM_CONVERSION = YES;
				CLANG_WARN_INFINITE_RECURSION = YES;
				CLANG_WARN_INT_CONVERSION = YES;
				CLANG_WARN_NON_LITERAL_NULL_CONVERSION = YES;
				CLANG_WARN_OBJC_IMPLICIT_RETAIN_SELF = YES;
				CLANG_WARN_OBJC_LITERAL_CONVERSION = YES;
				CLANG_WARN_OBJC_ROOT_CLASS = YES_ERROR;
				CLANG_WARN_RANGE_LOOP_ANALYSIS = YES;
				CLANG_WARN_STRICT_PROTOTYPES = YES;
				CLANG_WARN_SUSPICIOUS_MOVE = YES;
				CLANG_WARN_UNGUARDED_AVAILABILITY = YES_AGGRESSIVE;
				CLANG_WARN_UNREACHABLE_CODE = YES;
				CLANG_WARN__DUPLICATE_METHOD_MATCH = YES;
				COPY_PHASE_STRIP = NO;
				DEBUG_INFORMATION_FORMAT = dwarf;
				ENABLE_STRICT_OBJC_MSGSEND = YES;
				ENABLE_TESTABILITY = YES;
				GCC_C_LANGUAGE_STANDARD = gnu11;
				GCC_DYNAMIC_NO_PIC = NO;
				GCC_NO_COMMON_BLOCKS = YES;
				GCC_OPTIMIZATION_LEVEL = 0;
				GCC_PREPROCESSOR_DEFINITIONS = (
					"DEBUG=1",
					"$(inherited)",
				);
				GCC_WARN_64_TO_32_BIT_CONVERSION = YES;
				GCC_WARN_ABOUT_RETURN_TYPE = YES_ERROR;
				GCC_WARN_UNDECLARED_SELECTOR = YES;
				GCC_WARN_UNINITIALIZED_AUTOS = YES_AGGRESSIVE;
				GCC_WARN_UNUSED_FUNCTION = YES;
				GCC_WARN_UNUSED_VARIABLE = YES;
				IPHONEOS_DEPLOYMENT_TARGET = 13.5;
				MTL_ENABLE_DEBUG_INFO = INCLUDE_SOURCE;
				MTL_FAST_MATH = YES;
				ONLY_ACTIVE_ARCH = YES;
				SDKROOT = iphoneos;
				SWIFT_ACTIVE_COMPILATION_CONDITIONS = DEBUG;
				SWIFT_OPTIMIZATION_LEVEL = "-Onone";
			};
			name = Debug;
		};
		D194624524C5A2AD00EB6442 /* Release */ = {
			isa = XCBuildConfiguration;
			buildSettings = {
				ALWAYS_SEARCH_USER_PATHS = NO;
				CLANG_ANALYZER_NONNULL = YES;
				CLANG_ANALYZER_NUMBER_OBJECT_CONVERSION = YES_AGGRESSIVE;
				CLANG_CXX_LANGUAGE_STANDARD = "gnu++14";
				CLANG_CXX_LIBRARY = "libc++";
				CLANG_ENABLE_MODULES = YES;
				CLANG_ENABLE_OBJC_ARC = YES;
				CLANG_ENABLE_OBJC_WEAK = YES;
				CLANG_WARN_BLOCK_CAPTURE_AUTORELEASING = YES;
				CLANG_WARN_BOOL_CONVERSION = YES;
				CLANG_WARN_COMMA = YES;
				CLANG_WARN_CONSTANT_CONVERSION = YES;
				CLANG_WARN_DEPRECATED_OBJC_IMPLEMENTATIONS = YES;
				CLANG_WARN_DIRECT_OBJC_ISA_USAGE = YES_ERROR;
				CLANG_WARN_DOCUMENTATION_COMMENTS = YES;
				CLANG_WARN_EMPTY_BODY = YES;
				CLANG_WARN_ENUM_CONVERSION = YES;
				CLANG_WARN_INFINITE_RECURSION = YES;
				CLANG_WARN_INT_CONVERSION = YES;
				CLANG_WARN_NON_LITERAL_NULL_CONVERSION = YES;
				CLANG_WARN_OBJC_IMPLICIT_RETAIN_SELF = YES;
				CLANG_WARN_OBJC_LITERAL_CONVERSION = YES;
				CLANG_WARN_OBJC_ROOT_CLASS = YES_ERROR;
				CLANG_WARN_RANGE_LOOP_ANALYSIS = YES;
				CLANG_WARN_STRICT_PROTOTYPES = YES;
				CLANG_WARN_SUSPICIOUS_MOVE = YES;
				CLANG_WARN_UNGUARDED_AVAILABILITY = YES_AGGRESSIVE;
				CLANG_WARN_UNREACHABLE_CODE = YES;
				CLANG_WARN__DUPLICATE_METHOD_MATCH = YES;
				COPY_PHASE_STRIP = NO;
				DEBUG_INFORMATION_FORMAT = "dwarf-with-dsym";
				ENABLE_NS_ASSERTIONS = NO;
				ENABLE_STRICT_OBJC_MSGSEND = YES;
				GCC_C_LANGUAGE_STANDARD = gnu11;
				GCC_NO_COMMON_BLOCKS = YES;
				GCC_WARN_64_TO_32_BIT_CONVERSION = YES;
				GCC_WARN_ABOUT_RETURN_TYPE = YES_ERROR;
				GCC_WARN_UNDECLARED_SELECTOR = YES;
				GCC_WARN_UNINITIALIZED_AUTOS = YES_AGGRESSIVE;
				GCC_WARN_UNUSED_FUNCTION = YES;
				GCC_WARN_UNUSED_VARIABLE = YES;
				IPHONEOS_DEPLOYMENT_TARGET = 13.5;
				MTL_ENABLE_DEBUG_INFO = NO;
				MTL_FAST_MATH = YES;
				SDKROOT = iphoneos;
				SWIFT_COMPILATION_MODE = wholemodule;
				SWIFT_OPTIMIZATION_LEVEL = "-O";
				VALIDATE_PRODUCT = YES;
			};
			name = Release;
		};
		D194624724C5A2AD00EB6442 /* Debug */ = {
			isa = XCBuildConfiguration;
			buildSettings = {
				ASSETCATALOG_COMPILER_APPICON_NAME = AppIcon;
				CODE_SIGN_STYLE = Automatic;
				INFOPLIST_FILE = DatabaseUshtrime/Info.plist;
				LD_RUNPATH_SEARCH_PATHS = (
					"$(inherited)",
					"@executable_path/Frameworks",
				);
				PRODUCT_BUNDLE_IDENTIFIER = com.kastro.DatabaseUshtrime;
				PRODUCT_NAME = "$(TARGET_NAME)";
				SWIFT_VERSION = 5.0;
				TARGETED_DEVICE_FAMILY = "1,2";
			};
			name = Debug;
		};
		D194624824C5A2AD00EB6442 /* Release */ = {
			isa = XCBuildConfiguration;
			buildSettings = {
				ASSETCATALOG_COMPILER_APPICON_NAME = AppIcon;
				CODE_SIGN_STYLE = Automatic;
				INFOPLIST_FILE = DatabaseUshtrime/Info.plist;
				LD_RUNPATH_SEARCH_PATHS = (
					"$(inherited)",
					"@executable_path/Frameworks",
				);
				PRODUCT_BUNDLE_IDENTIFIER = com.kastro.DatabaseUshtrime;
				PRODUCT_NAME = "$(TARGET_NAME)";
				SWIFT_VERSION = 5.0;
				TARGETED_DEVICE_FAMILY = "1,2";
			};
			name = Release;
		};
		D194624A24C5A2AD00EB6442 /* Debug */ = {
			isa = XCBuildConfiguration;
			buildSettings = {
				ALWAYS_EMBED_SWIFT_STANDARD_LIBRARIES = YES;
				BUNDLE_LOADER = "$(TEST_HOST)";
				CODE_SIGN_STYLE = Automatic;
				INFOPLIST_FILE = DatabaseUshtrimeTests/Info.plist;
				IPHONEOS_DEPLOYMENT_TARGET = 13.5;
				LD_RUNPATH_SEARCH_PATHS = (
					"$(inherited)",
					"@executable_path/Frameworks",
					"@loader_path/Frameworks",
				);
				PRODUCT_BUNDLE_IDENTIFIER = com.kastro.DatabaseUshtrimeTests;
				PRODUCT_NAME = "$(TARGET_NAME)";
				SWIFT_VERSION = 5.0;
				TARGETED_DEVICE_FAMILY = "1,2";
				TEST_HOST = "$(BUILT_PRODUCTS_DIR)/DatabaseUshtrime.app/DatabaseUshtrime";
			};
			name = Debug;
		};
		D194624B24C5A2AD00EB6442 /* Release */ = {
			isa = XCBuildConfiguration;
			buildSettings = {
				ALWAYS_EMBED_SWIFT_STANDARD_LIBRARIES = YES;
				BUNDLE_LOADER = "$(TEST_HOST)";
				CODE_SIGN_STYLE = Automatic;
				INFOPLIST_FILE = DatabaseUshtrimeTests/Info.plist;
				IPHONEOS_DEPLOYMENT_TARGET = 13.5;
				LD_RUNPATH_SEARCH_PATHS = (
					"$(inherited)",
					"@executable_path/Frameworks",
					"@loader_path/Frameworks",
				);
				PRODUCT_BUNDLE_IDENTIFIER = com.kastro.DatabaseUshtrimeTests;
				PRODUCT_NAME = "$(TARGET_NAME)";
				SWIFT_VERSION = 5.0;
				TARGETED_DEVICE_FAMILY = "1,2";
				TEST_HOST = "$(BUILT_PRODUCTS_DIR)/DatabaseUshtrime.app/DatabaseUshtrime";
			};
			name = Release;
		};
		D194624D24C5A2AD00EB6442 /* Debug */ = {
			isa = XCBuildConfiguration;
			buildSettings = {
				ALWAYS_EMBED_SWIFT_STANDARD_LIBRARIES = YES;
				CODE_SIGN_STYLE = Automatic;
				INFOPLIST_FILE = DatabaseUshtrimeUITests/Info.plist;
				LD_RUNPATH_SEARCH_PATHS = (
					"$(inherited)",
					"@executable_path/Frameworks",
					"@loader_path/Frameworks",
				);
				PRODUCT_BUNDLE_IDENTIFIER = com.kastro.DatabaseUshtrimeUITests;
				PRODUCT_NAME = "$(TARGET_NAME)";
				SWIFT_VERSION = 5.0;
				TARGETED_DEVICE_FAMILY = "1,2";
				TEST_TARGET_NAME = DatabaseUshtrime;
			};
			name = Debug;
		};
		D194624E24C5A2AD00EB6442 /* Release */ = {
			isa = XCBuildConfiguration;
			buildSettings = {
				ALWAYS_EMBED_SWIFT_STANDARD_LIBRARIES = YES;
				CODE_SIGN_STYLE = Automatic;
				INFOPLIST_FILE = DatabaseUshtrimeUITests/Info.plist;
				LD_RUNPATH_SEARCH_PATHS = (
					"$(inherited)",
					"@executable_path/Frameworks",
					"@loader_path/Frameworks",
				);
				PRODUCT_BUNDLE_IDENTIFIER = com.kastro.DatabaseUshtrimeUITests;
				PRODUCT_NAME = "$(TARGET_NAME)";
				SWIFT_VERSION = 5.0;
				TARGETED_DEVICE_FAMILY = "1,2";
				TEST_TARGET_NAME = DatabaseUshtrime;
			};
			name = Release;
		};
/* End XCBuildConfiguration section */

/* Begin XCConfigurationList section */
		D194621724C5A29600EB6442 /* Build configuration list for PBXProject "DatabaseUshtrime" */ = {
			isa = XCConfigurationList;
			buildConfigurations = (
				D194624424C5A2AD00EB6442 /* Debug */,
				D194624524C5A2AD00EB6442 /* Release */,
			);
			defaultConfigurationIsVisible = 0;
			defaultConfigurationName = Release;
		};
		D194624624C5A2AD00EB6442 /* Build configuration list for PBXNativeTarget "DatabaseUshtrime" */ = {
			isa = XCConfigurationList;
			buildConfigurations = (
				D194624724C5A2AD00EB6442 /* Debug */,
				D194624824C5A2AD00EB6442 /* Release */,
			);
			defaultConfigurationIsVisible = 0;
			defaultConfigurationName = Release;
		};
		D194624924C5A2AD00EB6442 /* Build configuration list for PBXNativeTarget "DatabaseUshtrimeTests" */ = {
			isa = XCConfigurationList;
			buildConfigurations = (
				D194624A24C5A2AD00EB6442 /* Debug */,
				D194624B24C5A2AD00EB6442 /* Release */,
			);
			defaultConfigurationIsVisible = 0;
			defaultConfigurationName = Release;
		};
		D194624C24C5A2AD00EB6442 /* Build configuration list for PBXNativeTarget "DatabaseUshtrimeUITests" */ = {
			isa = XCConfigurationList;
			buildConfigurations = (
				D194624D24C5A2AD00EB6442 /* Debug */,
				D194624E24C5A2AD00EB6442 /* Release */,
			);
			defaultConfigurationIsVisible = 0;
			defaultConfigurationName = Release;
		};
/* End XCConfigurationList section */
	};
	rootObject = D194621424C5A29600EB6442 /* Project object */;
}
